
Microsoft Visual Studio Solution File, Format Version 12.00
# Visual Studio Version 17
VisualStudioVersion = 17.0.32112.339
MinimumVisualStudioVersion = 10.0.40219.1
Project("{FAE04EC0-301F-11D3-BF4B-00C04F79EFBC}") = "MyTask", "MyTask\MyTask.csproj", "{411CF933-6343-450E-9E42-8A82AC456120}"
EndProject
Global
	GlobalSection(SolutionConfigurationPlatforms) = preSolution
		Debug|Any CPU = Debug|Any CPU
		Release|Any CPU = Release|Any CPU
	EndGlobalSection
	GlobalSection(ProjectConfigurationPlatforms) = postSolution
		{411CF933-6343-450E-9E42-8A82AC456120}.Debug|Any CPU.ActiveCfg = Debug|Any CPU
		{411CF933-6343-450E-9E42-8A82AC456120}.Debug|Any CPU.Build.0 = Debug|Any CPU
		{411CF933-6343-450E-9E42-8A82AC456120}.Release|Any CPU.ActiveCfg = Release|Any CPU
		{411CF933-6343-450E-9E42-8A82AC456120}.Release|Any CPU.Build.0 = Release|Any CPU
	EndGlobalSection
	GlobalSection(SolutionProperties) = preSolution
		HideSolutionNode = FALSE
	EndGlobalSection
	GlobalSection(ExtensibilityGlobals) = postSolution
		SolutionGuid = {934FAEDF-2C90-4303-A3CE-F02CDC17B8FB}
	EndGlobalSection
EndGlobal
